
Microsoft Visual Studio Solution File, Format Version 11.00
# Visual Studio 2010
Project("{FAE04EC0-301F-11D3-BF4B-00C04F79EFBC}") = "Scoretastic.Web", "Scoretastic\Scoretastic.Web.csproj", "{EDC0C7C0-6698-457F-8D37-EE307A044EEF}"
EndProject
Project("{FAE04EC0-301F-11D3-BF4B-00C04F79EFBC}") = "Scoretastic.Testing.Integration", "Scoretastic.Tests\Scoretastic.Testing.Integration.csproj", "{77017FAD-4F22-4602-B270-87838377D995}"
EndProject
Global
	GlobalSection(SolutionConfigurationPlatforms) = preSolution
		Debug|Any CPU = Debug|Any CPU
		Release|Any CPU = Release|Any CPU
	EndGlobalSection
	GlobalSection(ProjectConfigurationPlatforms) = postSolution
		{EDC0C7C0-6698-457F-8D37-EE307A044EEF}.Debug|Any CPU.ActiveCfg = Debug|Any CPU
		{EDC0C7C0-6698-457F-8D37-EE307A044EEF}.Debug|Any CPU.Build.0 = Debug|Any CPU
		{EDC0C7C0-6698-457F-8D37-EE307A044EEF}.Release|Any CPU.ActiveCfg = Release|Any CPU
		{EDC0C7C0-6698-457F-8D37-EE307A044EEF}.Release|Any CPU.Build.0 = Release|Any CPU
		{77017FAD-4F22-4602-B270-87838377D995}.Debug|Any CPU.ActiveCfg = Debug|Any CPU
		{77017FAD-4F22-4602-B270-87838377D995}.Debug|Any CPU.Build.0 = Debug|Any CPU
		{77017FAD-4F22-4602-B270-87838377D995}.Release|Any CPU.ActiveCfg = Release|Any CPU
		{77017FAD-4F22-4602-B270-87838377D995}.Release|Any CPU.Build.0 = Release|Any CPU
	EndGlobalSection
	GlobalSection(SolutionProperties) = preSolution
		HideSolutionNode = FALSE
	EndGlobalSection
EndGlobal
